// !$*UTF8*$!
{
	archiveVersion = 1;
	classes = {
	};
	objectVersion = 77;
	objects = {

/* Begin PBXContainerItemProxy section */
		3FF120082E39E83300CE4D71 /* PBXContainerItemProxy */ = {
			isa = PBXContainerItemProxy;
			containerPortal = 3FF11FE92E39E82F00CE4D71 /* Project object */;
			proxyType = 1;
			remoteGlobalIDString = 3FF11FF02E39E82F00CE4D71;
			remoteInfo = orderofevents;
		};
		3FF120122E39E83300CE4D71 /* PBXContainerItemProxy */ = {
			isa = PBXContainerItemProxy;
			containerPortal = 3FF11FE92E39E82F00CE4D71 /* Project object */;
			proxyType = 1;
			remoteGlobalIDString = 3FF11FF02E39E82F00CE4D71;
			remoteInfo = orderofevents;
		};
/* End PBXContainerItemProxy section */

/* Begin PBXFileReference section */
		3FF11FF12E39E82F00CE4D71 /* orderofevents.app */ = {isa = PBXFileReference; explicitFileType = wrapper.application; includeInIndex = 0; path = orderofevents.app; sourceTree = BUILT_PRODUCTS_DIR; };
		3FF120072E39E83300CE4D71 /* orderofeventsTests.xctest */ = {isa = PBXFileReference; explicitFileType = wrapper.cfbundle; includeInIndex = 0; path = orderofeventsTests.xctest; sourceTree = BUILT_PRODUCTS_DIR; };
		3FF120112E39E83300CE4D71 /* orderofeventsUITests.xctest */ = {isa = PBXFileReference; explicitFileType = wrapper.cfbundle; includeInIndex = 0; path = orderofeventsUITests.xctest; sourceTree = BUILT_PRODUCTS_DIR; };
/* End PBXFileReference section */

/* Begin PBXFileSystemSynchronizedBuildFileExceptionSet section */
		3FF120192E39E83300CE4D71 /* Exceptions for "orderofevents" folder in "orderofevents" target */ = {
			isa = PBXFileSystemSynchronizedBuildFileExceptionSet;
			membershipExceptions = (
				Info.plist,
			);
			target = 3FF11FF02E39E82F00CE4D71 /* orderofevents */;
		};
/* End PBXFileSystemSynchronizedBuildFileExceptionSet section */

/* Begin PBXFileSystemSynchronizedRootGroup section */
		3FF11FF32E39E82F00CE4D71 /* orderofevents */ = {
			isa = PBXFileSystemSynchronizedRootGroup;
			exceptions = (
				3FF120192E39E83300CE4D71 /* Exceptions for "orderofevents" folder in "orderofevents" target */,
			);
			path = orderofevents;
			sourceTree = "<group>";
		};
		3FF1200A2E39E83300CE4D71 /* orderofeventsTests */ = {
			isa = PBXFileSystemSynchronizedRootGroup;
			path = orderofeventsTests;
			sourceTree = "<group>";
		};
		3FF120142E39E83300CE4D71 /* orderofeventsUITests */ = {
			isa = PBXFileSystemSynchronizedRootGroup;
			path = orderofeventsUITests;
			sourceTree = "<group>";
		};
/* End PBXFileSystemSynchronizedRootGroup section */

/* Begin PBXFrameworksBuildPhase section */
		3FF11FEE2E39E82F00CE4D71 /* Frameworks */ = {
			isa = PBXFrameworksBuildPhase;
			buildActionMask = 2147483647;
			files = (
			);
			runOnlyForDeploymentPostprocessing = 0;
		};
		3FF120042E39E83300CE4D71 /* Frameworks */ = {
			isa = PBXFrameworksBuildPhase;
			buildActionMask = 2147483647;
			files = (
			);
			runOnlyForDeploymentPostprocessing = 0;
		};
		3FF1200E2E39E83300CE4D71 /* Frameworks */ = {
			isa = PBXFrameworksBuildPhase;
			buildActionMask = 2147483647;
			files = (
			);
			runOnlyForDeploymentPostprocessing = 0;
		};
/* End PBXFrameworksBuildPhase section */

/* Begin PBXGroup section */
		3FF11FE82E39E82F00CE4D71 = {
			isa = PBXGroup;
			children = (
				3FF11FF32E39E82F00CE4D71 /* orderofevents */,
				3FF1200A2E39E83300CE4D71 /* orderofeventsTests */,
				3FF120142E39E83300CE4D71 /* orderofeventsUITests */,
				3FF11FF22E39E82F00CE4D71 /* Products */,
			);
			sourceTree = "<group>";
		};
		3FF11FF22E39E82F00CE4D71 /* Products */ = {
			isa = PBXGroup;
			children = (
				3FF11FF12E39E82F00CE4D71 /* orderofevents.app */,
				3FF120072E39E83300CE4D71 /* orderofeventsTests.xctest */,
				3FF120112E39E83300CE4D71 /* orderofeventsUITests.xctest */,
			);
			name = Products;
			sourceTree = "<group>";
		};
/* End PBXGroup section */

/* Begin PBXNativeTarget section */
		3FF11FF02E39E82F00CE4D71 /* orderofevents */ = {
			isa = PBXNativeTarget;
			buildConfigurationList = 3FF1201A2E39E83300CE4D71 /* Build configuration list for PBXNativeTarget "orderofevents" */;
			buildPhases = (
				3FF11FED2E39E82F00CE4D71 /* Sources */,
				3FF11FEE2E39E82F00CE4D71 /* Frameworks */,
				3FF11FEF2E39E82F00CE4D71 /* Resources */,
			);
			buildRules = (
			);
			dependencies = (
			);
			fileSystemSynchronizedGroups = (
				3FF11FF32E39E82F00CE4D71 /* orderofevents */,
			);
			name = orderofevents;
			packageProductDependencies = (
			);
			productName = orderofevents;
			productReference = 3FF11FF12E39E82F00CE4D71 /* orderofevents.app */;
			productType = "com.apple.product-type.application";
		};
		3FF120062E39E83300CE4D71 /* orderofeventsTests */ = {
			isa = PBXNativeTarget;
			buildConfigurationList = 3FF1201F2E39E83300CE4D71 /* Build configuration list for PBXNativeTarget "orderofeventsTests" */;
			buildPhases = (
				3FF120032E39E83300CE4D71 /* Sources */,
				3FF120042E39E83300CE4D71 /* Frameworks */,
				3FF120052E39E83300CE4D71 /* Resources */,
			);
			buildRules = (
			);
			dependencies = (
				3FF120092E39E83300CE4D71 /* PBXTargetDependency */,
			);
			fileSystemSynchronizedGroups = (
				3FF1200A2E39E83300CE4D71 /* orderofeventsTests */,
			);
			name = orderofeventsTests;
			packageProductDependencies = (
			);
			productName = orderofeventsTests;
			productReference = 3FF120072E39E83300CE4D71 /* orderofeventsTests.xctest */;
			productType = "com.apple.product-type.bundle.unit-test";
		};
		3FF120102E39E83300CE4D71 /* orderofeventsUITests */ = {
			isa = PBXNativeTarget;
			buildConfigurationList = 3FF120222E39E83300CE4D71 /* Build configuration list for PBXNativeTarget "orderofeventsUITests" */;
			buildPhases = (
				3FF1200D2E39E83300CE4D71 /* Sources */,
				3FF1200E2E39E83300CE4D71 /* Frameworks */,
				3FF1200F2E39E83300CE4D71 /* Resources */,
			);
			buildRules = (
			);
			dependencies = (
				3FF120132E39E83300CE4D71 /* PBXTargetDependency */,
			);
			fileSystemSynchronizedGroups = (
				3FF120142E39E83300CE4D71 /* orderofeventsUITests */,
			);
			name = orderofeventsUITests;
			packageProductDependencies = (
			);
			productName = orderofeventsUITests;
			productReference = 3FF120112E39E83300CE4D71 /* orderofeventsUITests.xctest */;
			productType = "com.apple.product-type.bundle.ui-testing";
		};
/* End PBXNativeTarget section */

/* Begin PBXProject section */
		3FF11FE92E39E82F00CE4D71 /* Project object */ = {
			isa = PBXProject;
			attributes = {
				BuildIndependentTargetsInParallel = 1;
				LastSwiftUpdateCheck = 1640;
				LastUpgradeCheck = 1640;
				TargetAttributes = {
					3FF11FF02E39E82F00CE4D71 = {
						CreatedOnToolsVersion = 16.4;
					};
					3FF120062E39E83300CE4D71 = {
						CreatedOnToolsVersion = 16.4;
						TestTargetID = 3FF11FF02E39E82F00CE4D71;
					};
					3FF120102E39E83300CE4D71 = {
						CreatedOnToolsVersion = 16.4;
						TestTargetID = 3FF11FF02E39E82F00CE4D71;
					};
				};
			};
			buildConfigurationList = 3FF11FEC2E39E82F00CE4D71 /* Build configuration list for PBXProject "orderofevents" */;
			developmentRegion = en;
			hasScannedForEncodings = 0;
			knownRegions = (
				en,
				Base,
			);
			mainGroup = 3FF11FE82E39E82F00CE4D71;
			minimizedProjectReferenceProxies = 1;
			preferredProjectObjectVersion = 77;
			productRefGroup = 3FF11FF22E39E82F00CE4D71 /* Products */;
			projectDirPath = "";
			projectRoot = "";
			targets = (
				3FF11FF02E39E82F00CE4D71 /* orderofevents */,
				3FF120062E39E83300CE4D71 /* orderofeventsTests */,
				3FF120102E39E83300CE4D71 /* orderofeventsUITests */,
			);
		};
/* End PBXProject section */

/* Begin PBXResourcesBuildPhase section */
		3FF11FEF2E39E82F00CE4D71 /* Resources */ = {
			isa = PBXResourcesBuildPhase;
			buildActionMask = 2147483647;
			files = (
			);
			runOnlyForDeploymentPostprocessing = 0;
		};
		3FF120052E39E83300CE4D71 /* Resources */ = {
			isa = PBXResourcesBuildPhase;
			buildActionMask = 2147483647;
			files = (
			);
			runOnlyForDeploymentPostprocessing = 0;
		};
		3FF1200F2E39E83300CE4D71 /* Resources */ = {
			isa = PBXResourcesBuildPhase;
			buildActionMask = 2147483647;
			files = (
			);
			runOnlyForDeploymentPostprocessing = 0;
		};
/* End PBXResourcesBuildPhase section */

/* Begin PBXSourcesBuildPhase section */
		3FF11FED2E39E82F00CE4D71 /* Sources */ = {
			isa = PBXSourcesBuildPhase;
			buildActionMask = 2147483647;
			files = (
			);
			runOnlyForDeploymentPostprocessing = 0;
		};
		3FF120032E39E83300CE4D71 /* Sources */ = {
			isa = PBXSourcesBuildPhase;
			buildActionMask = 2147483647;
			files = (
			);
			runOnlyForDeploymentPostprocessing = 0;
		};
		3FF1200D2E39E83300CE4D71 /* Sources */ = {
			isa = PBXSourcesBuildPhase;
			buildActionMask = 2147483647;
			files = (
			);
			runOnlyForDeploymentPostprocessing = 0;
		};
/* End PBXSourcesBuildPhase section */

/* Begin PBXTargetDependency section */
		3FF120092E39E83300CE4D71 /* PBXTargetDependency */ = {
			isa = PBXTargetDependency;
			target = 3FF11FF02E39E82F00CE4D71 /* orderofevents */;
			targetProxy = 3FF120082E39E83300CE4D71 /* PBXContainerItemProxy */;
		};
		3FF120132E39E83300CE4D71 /* PBXTargetDependency */ = {
			isa = PBXTargetDependency;
			target = 3FF11FF02E39E82F00CE4D71 /* orderofevents */;
			targetProxy = 3FF120122E39E83300CE4D71 /* PBXContainerItemProxy */;
		};
/* End PBXTargetDependency section */

/* Begin XCBuildConfiguration section */
		3FF1201B2E39E83300CE4D71 /* Debug */ = {
			isa = XCBuildConfiguration;
			buildSettings = {
				ASSETCATALOG_COMPILER_APPICON_NAME = AppIcon;
				ASSETCATALOG_COMPILER_GLOBAL_ACCENT_COLOR_NAME = AccentColor;
				CODE_SIGN_STYLE = Automatic;
				CURRENT_PROJECT_VERSION = 1;
				GENERATE_INFOPLIST_FILE = YES;
				INFOPLIST_FILE = orderofevents/Info.plist;
				INFOPLIST_KEY_UIApplicationSupportsIndirectInputEvents = YES;
				INFOPLIST_KEY_UILaunchStoryboardName = LaunchScreen;
				INFOPLIST_KEY_UIMainStoryboardFile = Main;
				INFOPLIST_KEY_UISupportedInterfaceOrientations_iPad = "UIInterfaceOrientationPortrait UIInterfaceOrientationPortraitUpsideDown UIInterfaceOrientationLandscapeLeft UIInterfaceOrientationLandscapeRight";
				INFOPLIST_KEY_UISupportedInterfaceOrientations_iPhone = "UIInterfaceOrientationPortrait UIInterfaceOrientationLandscapeLeft UIInterfaceOrientationLandscapeRight";
				LD_RUNPATH_SEARCH_PATHS = (
					"$(inherited)",
					"@executable_path/Frameworks",
				);
				MARKETING_VERSION = 1.0;
				PRODUCT_BUNDLE_IDENTIFIER = com.orderofevents;
				PRODUCT_NAME = "$(TARGET_NAME)";
				SWIFT_EMIT_LOC_STRINGS = YES;
				SWIFT_VERSION = 5.0;
				TARGETED_DEVICE_FAMILY = "1,2";
			};
			name = Debug;
		};
		3FF1201C2E39E83300CE4D71 /* Release */ = {
			isa = XCBuildConfiguration;
			buildSettings = {
				ASSETCATALOG_COMPILER_APPICON_NAME = AppIcon;
				ASSETCATALOG_COMPILER_GLOBAL_ACCENT_COLOR_NAME = AccentColor;
				CODE_SIGN_STYLE = Automatic;
				CURRENT_PROJECT_VERSION = 1;
				GENERATE_INFOPLIST_FILE = YES;
				INFOPLIST_FILE = orderofevents/Info.plist;
				INFOPLIST_KEY_UIApplicationSupportsIndirectInputEvents = YES;
				INFOPLIST_KEY_UILaunchStoryboardName = LaunchScreen;
				INFOPLIST_KEY_UIMainStoryboardFile = Main;
				INFOPLIST_KEY_UISupportedInterfaceOrientations_iPad = "UIInterfaceOrientationPortrait UIInterfaceOrientationPortraitUpsideDown UIInterfaceOrientationLandscapeLeft UIInterfaceOrientationLandscapeRight";
				INFOPLIST_KEY_UISupportedInterfaceOrientations_iPhone = "UIInterfaceOrientationPortrait UIInterfaceOrientationLandscapeLeft UIInterfaceOrientationLandscapeRight";
				LD_RUNPATH_SEARCH_PATHS = (
					"$(inherited)",
					"@executable_path/Frameworks",
				);
				MARKETING_VERSION = 1.0;
				PRODUCT_BUNDLE_IDENTIFIER = com.orderofevents;
				PRODUCT_NAME = "$(TARGET_NAME)";
				SWIFT_EMIT_LOC_STRINGS = YES;
				SWIFT_VERSION = 5.0;
				TARGETED_DEVICE_FAMILY = "1,2";
			};
			name = Release;
		};
		3FF1201D2E39E83300CE4D71 /* Debug */ = {
			isa = XCBuildConfiguration;
			buildSettings = {
				ALWAYS_SEARCH_USER_PATHS = NO;
				ASSETCATALOG_COMPILER_GENERATE_SWIFT_ASSET_SYMBOL_EXTENSIONS = YES;
				CLANG_ANALYZER_NONNULL = YES;
				CLANG_ANALYZER_NUMBER_OBJECT_CONVERSION = YES_AGGRESSIVE;
				CLANG_CXX_LANGUAGE_STANDARD = "gnu++20";
				CLANG_ENABLE_MODULES = YES;
				CLANG_ENABLE_OBJC_ARC = YES;
				CLANG_ENABLE_OBJC_WEAK = YES;
				CLANG_WARN_BLOCK_CAPTURE_AUTORELEASING = YES;
				CLANG_WARN_BOOL_CONVERSION = YES;
				CLANG_WARN_COMMA = YES;
				CLANG_WARN_CONSTANT_CONVERSION = YES;
				CLANG_WARN_DEPRECATED_OBJC_IMPLEMENTATIONS = YES;
				CLANG_WARN_DIRECT_OBJC_ISA_USAGE = YES_ERROR;
				CLANG_WARN_DOCUMENTATION_COMMENTS = YES;
				CLANG_WARN_EMPTY_BODY = YES;
				CLANG_WARN_ENUM_CONVERSION = YES;
				CLANG_WARN_INFINITE_RECURSION = YES;
				CLANG_WARN_INT_CONVERSION = YES;
				CLANG_WARN_NON_LITERAL_NULL_CONVERSION = YES;
				CLANG_WARN_OBJC_IMPLICIT_RETAIN_SELF = YES;
				CLANG_WARN_OBJC_LITERAL_CONVERSION = YES;
				CLANG_WARN_OBJC_ROOT_CLASS = YES_ERROR;
				CLANG_WARN_QUOTED_INCLUDE_IN_FRAMEWORK_HEADER = YES;
				CLANG_WARN_RANGE_LOOP_ANALYSIS = YES;
				CLANG_WARN_STRICT_PROTOTYPES = YES;
				CLANG_WARN_SUSPICIOUS_MOVE = YES;
				CLANG_WARN_UNGUARDED_AVAILABILITY = YES_AGGRESSIVE;
				CLANG_WARN_UNREACHABLE_CODE = YES;
				CLANG_WARN__DUPLICATE_METHOD_MATCH = YES;
				COPY_PHASE_STRIP = NO;
				DEBUG_INFORMATION_FORMAT = dwarf;
				ENABLE_STRICT_OBJC_MSGSEND = YES;
				ENABLE_TESTABILITY = YES;
				ENABLE_USER_SCRIPT_SANDBOXING = YES;
				GCC_C_LANGUAGE_STANDARD = gnu17;
				GCC_DYNAMIC_NO_PIC = NO;
				GCC_NO_COMMON_BLOCKS = YES;
				GCC_OPTIMIZATION_LEVEL = 0;
				GCC_PREPROCESSOR_DEFINITIONS = (
					"DEBUG=1",
					"$(inherited)",
				);
				GCC_WARN_64_TO_32_BIT_CONVERSION = YES;
				GCC_WARN_ABOUT_RETURN_TYPE = YES_ERROR;
				GCC_WARN_UNDECLARED_SELECTOR = YES;
				GCC_WARN_UNINITIALIZED_AUTOS = YES_AGGRESSIVE;
				GCC_WARN_UNUSED_FUNCTION = YES;
				GCC_WARN_UNUSED_VARIABLE = YES;
				IPHONEOS_DEPLOYMENT_TARGET = 18.5;
				LOCALIZATION_PREFERS_STRING_CATALOGS = YES;
				MTL_ENABLE_DEBUG_INFO = INCLUDE_SOURCE;
				MTL_FAST_MATH = YES;
				ONLY_ACTIVE_ARCH = YES;
				SDKROOT = iphoneos;
				SWIFT_ACTIVE_COMPILATION_CONDITIONS = "DEBUG $(inherited)";
				SWIFT_OPTIMIZATION_LEVEL = "-Onone";
			};
			name = Debug;
		};
		3FF1201E2E39E83300CE4D71 /* Release */ = {
			isa = XCBuildConfiguration;
			buildSettings = {
				ALWAYS_SEARCH_USER_PATHS = NO;
				ASSETCATALOG_COMPILER_GENERATE_SWIFT_ASSET_SYMBOL_EXTENSIONS = YES;
				CLANG_ANALYZER_NONNULL = YES;
				CLANG_ANALYZER_NUMBER_OBJECT_CONVERSION = YES_AGGRESSIVE;
				CLANG_CXX_LANGUAGE_STANDARD = "gnu++20";
				CLANG_ENABLE_MODULES = YES;
				CLANG_ENABLE_OBJC_ARC = YES;
				CLANG_ENABLE_OBJC_WEAK = YES;
				CLANG_WARN_BLOCK_CAPTURE_AUTORELEASING = YES;
				CLANG_WARN_BOOL_CONVERSION = YES;
				CLANG_WARN_COMMA = YES;
				CLANG_WARN_CONSTANT_CONVERSION = YES;
				CLANG_WARN_DEPRECATED_OBJC_IMPLEMENTATIONS = YES;
				CLANG_WARN_DIRECT_OBJC_ISA_USAGE = YES_ERROR;
				CLANG_WARN_DOCUMENTATION_COMMENTS = YES;
				CLANG_WARN_EMPTY_BODY = YES;
				CLANG_WARN_ENUM_CONVERSION = YES;
				CLANG_WARN_INFINITE_RECURSION = YES;
				CLANG_WARN_INT_CONVERSION = YES;
				CLANG_WARN_NON_LITERAL_NULL_CONVERSION = YES;
				CLANG_WARN_OBJC_IMPLICIT_RETAIN_SELF = YES;
				CLANG_WARN_OBJC_LITERAL_CONVERSION = YES;
				CLANG_WARN_OBJC_ROOT_CLASS = YES_ERROR;
				CLANG_WARN_QUOTED_INCLUDE_IN_FRAMEWORK_HEADER = YES;
				CLANG_WARN_RANGE_LOOP_ANALYSIS = YES;
				CLANG_WARN_STRICT_PROTOTYPES = YES;
				CLANG_WARN_SUSPICIOUS_MOVE = YES;
				CLANG_WARN_UNGUARDED_AVAILABILITY = YES_AGGRESSIVE;
				CLANG_WARN_UNREACHABLE_CODE = YES;
				CLANG_WARN__DUPLICATE_METHOD_MATCH = YES;
				COPY_PHASE_STRIP = NO;
				DEBUG_INFORMATION_FORMAT = "dwarf-with-dsym";
				ENABLE_NS_ASSERTIONS = NO;
				ENABLE_STRICT_OBJC_MSGSEND = YES;
				ENABLE_USER_SCRIPT_SANDBOXING = YES;
				GCC_C_LANGUAGE_STANDARD = gnu17;
				GCC_NO_COMMON_BLOCKS = YES;
				GCC_WARN_64_TO_32_BIT_CONVERSION = YES;
				GCC_WARN_ABOUT_RETURN_TYPE = YES_ERROR;
				GCC_WARN_UNDECLARED_SELECTOR = YES;
				GCC_WARN_UNINITIALIZED_AUTOS = YES_AGGRESSIVE;
				GCC_WARN_UNUSED_FUNCTION = YES;
				GCC_WARN_UNUSED_VARIABLE = YES;
				IPHONEOS_DEPLOYMENT_TARGET = 18.5;
				LOCALIZATION_PREFERS_STRING_CATALOGS = YES;
				MTL_ENABLE_DEBUG_INFO = NO;
				MTL_FAST_MATH = YES;
				SDKROOT = iphoneos;
				SWIFT_COMPILATION_MODE = wholemodule;
				VALIDATE_PRODUCT = YES;
			};
			name = Release;
		};
		3FF120202E39E83300CE4D71 /* Debug */ = {
			isa = XCBuildConfiguration;
			buildSettings = {
				BUNDLE_LOADER = "$(TEST_HOST)";
				CODE_SIGN_STYLE = Automatic;
				CURRENT_PROJECT_VERSION = 1;
				GENERATE_INFOPLIST_FILE = YES;
				IPHONEOS_DEPLOYMENT_TARGET = 18.5;
				MARKETING_VERSION = 1.0;
				PRODUCT_BUNDLE_IDENTIFIER = com.orderofeventsTests;
				PRODUCT_NAME = "$(TARGET_NAME)";
				SWIFT_EMIT_LOC_STRINGS = NO;
				SWIFT_VERSION = 5.0;
				TARGETED_DEVICE_FAMILY = "1,2";
				TEST_HOST = "$(BUILT_PRODUCTS_DIR)/orderofevents.app/$(BUNDLE_EXECUTABLE_FOLDER_PATH)/orderofevents";
			};
			name = Debug;
		};
		3FF120212E39E83300CE4D71 /* Release */ = {
			isa = XCBuildConfiguration;
			buildSettings = {
				BUNDLE_LOADER = "$(TEST_HOST)";
				CODE_SIGN_STYLE = Automatic;
				CURRENT_PROJECT_VERSION = 1;
				GENERATE_INFOPLIST_FILE = YES;
				IPHONEOS_DEPLOYMENT_TARGET = 18.5;
				MARKETING_VERSION = 1.0;
				PRODUCT_BUNDLE_IDENTIFIER = com.orderofeventsTests;
				PRODUCT_NAME = "$(TARGET_NAME)";
				SWIFT_EMIT_LOC_STRINGS = NO;
				SWIFT_VERSION = 5.0;
				TARGETED_DEVICE_FAMILY = "1,2";
				TEST_HOST = "$(BUILT_PRODUCTS_DIR)/orderofevents.app/$(BUNDLE_EXECUTABLE_FOLDER_PATH)/orderofevents";
			};
			name = Release;
		};
		3FF120232E39E83300CE4D71 /* Debug */ = {
			isa = XCBuildConfiguration;
			buildSettings = {
				CODE_SIGN_STYLE = Automatic;
				CURRENT_PROJECT_VERSION = 1;
				GENERATE_INFOPLIST_FILE = YES;
				MARKETING_VERSION = 1.0;
				PRODUCT_BUNDLE_IDENTIFIER = com.orderofeventsUITests;
				PRODUCT_NAME = "$(TARGET_NAME)";
				SWIFT_EMIT_LOC_STRINGS = NO;
				SWIFT_VERSION = 5.0;
				TARGETED_DEVICE_FAMILY = "1,2";
				TEST_TARGET_NAME = orderofevents;
			};
			name = Debug;
		};
		3FF120242E39E83300CE4D71 /* Release */ = {
			isa = XCBuildConfiguration;
			buildSettings = {
				CODE_SIGN_STYLE = Automatic;
				CURRENT_PROJECT_VERSION = 1;
				GENERATE_INFOPLIST_FILE = YES;
				MARKETING_VERSION = 1.0;
				PRODUCT_BUNDLE_IDENTIFIER = com.orderofeventsUITests;
				PRODUCT_NAME = "$(TARGET_NAME)";
				SWIFT_EMIT_LOC_STRINGS = NO;
				SWIFT_VERSION = 5.0;
				TARGETED_DEVICE_FAMILY = "1,2";
				TEST_TARGET_NAME = orderofevents;
			};
			name = Release;
		};
/* End XCBuildConfiguration section */

/* Begin XCConfigurationList section */
		3FF11FEC2E39E82F00CE4D71 /* Build configuration list for PBXProject "orderofevents" */ = {
			isa = XCConfigurationList;
			buildConfigurations = (
				3FF1201D2E39E83300CE4D71 /* Debug */,
				3FF1201E2E39E83300CE4D71 /* Release */,
			);
			defaultConfigurationIsVisible = 0;
			defaultConfigurationName = Release;
		};
		3FF1201A2E39E83300CE4D71 /* Build configuration list for PBXNativeTarget "orderofevents" */ = {
			isa = XCConfigurationList;
			buildConfigurations = (
				3FF1201B2E39E83300CE4D71 /* Debug */,
				3FF1201C2E39E83300CE4D71 /* Release */,
			);
			defaultConfigurationIsVisible = 0;
			defaultConfigurationName = Release;
		};
		3FF1201F2E39E83300CE4D71 /* Build configuration list for PBXNativeTarget "orderofeventsTests" */ = {
			isa = XCConfigurationList;
			buildConfigurations = (
				3FF120202E39E83300CE4D71 /* Debug */,
				3FF120212E39E83300CE4D71 /* Release */,
			);
			defaultConfigurationIsVisible = 0;
			defaultConfigurationName = Release;
		};
		3FF120222E39E83300CE4D71 /* Build configuration list for PBXNativeTarget "orderofeventsUITests" */ = {
			isa = XCConfigurationList;
			buildConfigurations = (
				3FF120232E39E83300CE4D71 /* Debug */,
				3FF120242E39E83300CE4D71 /* Release */,
			);
			defaultConfigurationIsVisible = 0;
			defaultConfigurationName = Release;
		};
/* End XCConfigurationList section */
	};
	rootObject = 3FF11FE92E39E82F00CE4D71 /* Project object */;
}
